
Microsoft Visual Studio Solution File, Format Version 12.00
# Visual Studio 2013
VisualStudioVersion = 12.0.21005.1
MinimumVisualStudioVersion = 10.0.40219.1
Project("{F184B08F-C81C-45F6-A57F-5ABD9991F28F}") = "B1Service", "WcfService1\B1Service.vbproj", "{88C5EDFE-B6C9-4F5D-89D5-243C1A6AFD23}"
EndProject
Project("{F184B08F-C81C-45F6-A57F-5ABD9991F28F}") = "TEST", "TEST\TEST.vbproj", "{3103A256-C6C0-41E5-8AFA-38B720CBD5F9}"
	ProjectSection(ProjectDependencies) = postProject
		{88C5EDFE-B6C9-4F5D-89D5-243C1A6AFD23} = {88C5EDFE-B6C9-4F5D-89D5-243C1A6AFD23}
	EndProjectSection
EndProject
Global
	GlobalSection(SolutionConfigurationPlatforms) = preSolution
		Debug|Any CPU = Debug|Any CPU
		Release|Any CPU = Release|Any CPU
	EndGlobalSection
	GlobalSection(ProjectConfigurationPlatforms) = postSolution
		{88C5EDFE-B6C9-4F5D-89D5-243C1A6AFD23}.Debug|Any CPU.ActiveCfg = Debug|Any CPU
		{88C5EDFE-B6C9-4F5D-89D5-243C1A6AFD23}.Debug|Any CPU.Build.0 = Debug|Any CPU
		{88C5EDFE-B6C9-4F5D-89D5-243C1A6AFD23}.Release|Any CPU.ActiveCfg = Release|Any CPU
		{88C5EDFE-B6C9-4F5D-89D5-243C1A6AFD23}.Release|Any CPU.Build.0 = Release|Any CPU
		{3103A256-C6C0-41E5-8AFA-38B720CBD5F9}.Debug|Any CPU.ActiveCfg = Debug|Any CPU
		{3103A256-C6C0-41E5-8AFA-38B720CBD5F9}.Debug|Any CPU.Build.0 = Debug|Any CPU
		{3103A256-C6C0-41E5-8AFA-38B720CBD5F9}.Release|Any CPU.ActiveCfg = Release|Any CPU
		{3103A256-C6C0-41E5-8AFA-38B720CBD5F9}.Release|Any CPU.Build.0 = Release|Any CPU
	EndGlobalSection
	GlobalSection(SolutionProperties) = preSolution
		HideSolutionNode = FALSE
	EndGlobalSection
EndGlobal
